
Microsoft Visual Studio Solution File, Format Version 12.00
# Visual Studio Version 17
VisualStudioVersion = 17.4.33205.214
MinimumVisualStudioVersion = 10.0.40219.1
Project("{9A19103F-16F7-4668-BE54-9A1E7A4F7556}") = "my-books", "my-books\my-books.csproj", "{C5212FA4-019A-477A-AD12-BD788F86C586}"
EndProject
Project("{FAE04EC0-301F-11D3-BF4B-00C04F79EFBC}") = "my-books-tests", "my-books-tests\my-books-tests.csproj", "{4FF08DC4-83A3-4AF4-9FA2-438B036130C8}"
EndProject
Global
	GlobalSection(SolutionConfigurationPlatforms) = preSolution
		Debug|Any CPU = Debug|Any CPU
		Release|Any CPU = Release|Any CPU
	EndGlobalSection
	GlobalSection(ProjectConfigurationPlatforms) = postSolution
		{C5212FA4-019A-477A-AD12-BD788F86C586}.Debug|Any CPU.ActiveCfg = Debug|Any CPU
		{C5212FA4-019A-477A-AD12-BD788F86C586}.Debug|Any CPU.Build.0 = Debug|Any CPU
		{C5212FA4-019A-477A-AD12-BD788F86C586}.Release|Any CPU.ActiveCfg = Release|Any CPU
		{C5212FA4-019A-477A-AD12-BD788F86C586}.Release|Any CPU.Build.0 = Release|Any CPU
		{4FF08DC4-83A3-4AF4-9FA2-438B036130C8}.Debug|Any CPU.ActiveCfg = Debug|Any CPU
		{4FF08DC4-83A3-4AF4-9FA2-438B036130C8}.Debug|Any CPU.Build.0 = Debug|Any CPU
		{4FF08DC4-83A3-4AF4-9FA2-438B036130C8}.Release|Any CPU.ActiveCfg = Release|Any CPU
		{4FF08DC4-83A3-4AF4-9FA2-438B036130C8}.Release|Any CPU.Build.0 = Release|Any CPU
	EndGlobalSection
	GlobalSection(SolutionProperties) = preSolution
		HideSolutionNode = FALSE
	EndGlobalSection
	GlobalSection(ExtensibilityGlobals) = postSolution
		SolutionGuid = {34CD2DE9-15D4-46FD-AD33-E26F9DFA270E}
	EndGlobalSection
EndGlobal
